
Microsoft Visual Studio Solution File, Format Version 12.00
# Visual Studio 15
VisualStudioVersion = 15.0.27130.2010
MinimumVisualStudioVersion = 10.0.40219.1
Project("{FAE04EC0-301F-11D3-BF4B-00C04F79EFBC}") = "Dendrite", "tictacktoe\Dendrite.csproj", "{0C9FD1AC-89AA-4773-ABF7-78FAFE611634}"
EndProject
Project("{FAE04EC0-301F-11D3-BF4B-00C04F79EFBC}") = "Dendrite.Engine.Tests", "Dendrite.Engine.Tests\Dendrite.Engine.Tests.csproj", "{2E3DF5C2-8A38-4A03-86D7-8D463C917E47}"
EndProject
Project("{FAE04EC0-301F-11D3-BF4B-00C04F79EFBC}") = "Dendrite.Engine", "Dendrite.Engine\Dendrite.Engine.csproj", "{41DF5A5C-20E8-497B-8A53-B79E5CE1C651}"
EndProject
Project("{FAE04EC0-301F-11D3-BF4B-00C04F79EFBC}") = "Dendrite.TickTacToe", "Dendrite.TickTacToe\Dendrite.TickTacToe.csproj", "{A0E4EEE5-924F-4A0C-85C0-E6FEA384E744}"
EndProject
Project("{FAE04EC0-301F-11D3-BF4B-00C04F79EFBC}") = "Dendrite.TickTacToe.Tests", "Dendrite.TickTacToe.Tests\Dendrite.TickTacToe.Tests.csproj", "{68656329-B1D7-4076-9F32-C90A5C55B23D}"
EndProject
Global
	GlobalSection(SolutionConfigurationPlatforms) = preSolution
		Debug|Any CPU = Debug|Any CPU
		Release|Any CPU = Release|Any CPU
	EndGlobalSection
	GlobalSection(ProjectConfigurationPlatforms) = postSolution
		{0C9FD1AC-89AA-4773-ABF7-78FAFE611634}.Debug|Any CPU.ActiveCfg = Debug|Any CPU
		{0C9FD1AC-89AA-4773-ABF7-78FAFE611634}.Debug|Any CPU.Build.0 = Debug|Any CPU
		{0C9FD1AC-89AA-4773-ABF7-78FAFE611634}.Release|Any CPU.ActiveCfg = Release|Any CPU
		{0C9FD1AC-89AA-4773-ABF7-78FAFE611634}.Release|Any CPU.Build.0 = Release|Any CPU
		{2E3DF5C2-8A38-4A03-86D7-8D463C917E47}.Debug|Any CPU.ActiveCfg = Debug|Any CPU
		{2E3DF5C2-8A38-4A03-86D7-8D463C917E47}.Debug|Any CPU.Build.0 = Debug|Any CPU
		{2E3DF5C2-8A38-4A03-86D7-8D463C917E47}.Release|Any CPU.ActiveCfg = Release|Any CPU
		{2E3DF5C2-8A38-4A03-86D7-8D463C917E47}.Release|Any CPU.Build.0 = Release|Any CPU
		{41DF5A5C-20E8-497B-8A53-B79E5CE1C651}.Debug|Any CPU.ActiveCfg = Debug|Any CPU
		{41DF5A5C-20E8-497B-8A53-B79E5CE1C651}.Debug|Any CPU.Build.0 = Debug|Any CPU
		{41DF5A5C-20E8-497B-8A53-B79E5CE1C651}.Release|Any CPU.ActiveCfg = Release|Any CPU
		{41DF5A5C-20E8-497B-8A53-B79E5CE1C651}.Release|Any CPU.Build.0 = Release|Any CPU
		{A0E4EEE5-924F-4A0C-85C0-E6FEA384E744}.Debug|Any CPU.ActiveCfg = Debug|Any CPU
		{A0E4EEE5-924F-4A0C-85C0-E6FEA384E744}.Debug|Any CPU.Build.0 = Debug|Any CPU
		{A0E4EEE5-924F-4A0C-85C0-E6FEA384E744}.Release|Any CPU.ActiveCfg = Release|Any CPU
		{A0E4EEE5-924F-4A0C-85C0-E6FEA384E744}.Release|Any CPU.Build.0 = Release|Any CPU
		{68656329-B1D7-4076-9F32-C90A5C55B23D}.Debug|Any CPU.ActiveCfg = Debug|Any CPU
		{68656329-B1D7-4076-9F32-C90A5C55B23D}.Debug|Any CPU.Build.0 = Debug|Any CPU
		{68656329-B1D7-4076-9F32-C90A5C55B23D}.Release|Any CPU.ActiveCfg = Release|Any CPU
		{68656329-B1D7-4076-9F32-C90A5C55B23D}.Release|Any CPU.Build.0 = Release|Any CPU
	EndGlobalSection
	GlobalSection(SolutionProperties) = preSolution
		HideSolutionNode = FALSE
	EndGlobalSection
	GlobalSection(ExtensibilityGlobals) = postSolution
		SolutionGuid = {3ACFBEDF-C36E-45CB-8707-895BEE462565}
	EndGlobalSection
EndGlobal
